{
  "nodes": {
    "local": {
      "flake": false,
      "locked": {
        "lastModified": 1714081671,
        "narHash": "sha256-m0lKfKMQG9wAEI61fzChLqgVp35J7GoutSZj+DqBoE8=",
        "path": "/etc/nixos/system-config-local",
        "type": "path"
      },
      "original": {
        "path": "/etc/nixos/system-config-local",
        "type": "path"
      }
    },
    "nixpkgs": {
      "locked": {
        "lastModified": 1726154935,
        "narHash": "sha256-o3JoLLwGp6KlnC7usdKnL/vyBTVq2hS4LbVaZJJl8og=",
        "owner": "NixOS",
        "repo": "nixpkgs",
        "rev": "2dd837befb9f64d44fe54c067aa90091c1b12508",
        "type": "github"
      },
      "original": {
        "id": "nixpkgs",
        "ref": "release-24.05",
        "type": "indirect"
      }
    },
    "root": {
      "inputs": {
        "local": "local",
        "nixpkgs": "nixpkgs"
      }
    }
  },
  "root": "root",
  "version": 7
}
