{
  "nodes": {
    "local": {
      "flake": false,
      "locked": {
        "lastModified": 1714081671,
        "narHash": "sha256-m0lKfKMQG9wAEI61fzChLqgVp35J7GoutSZj+DqBoE8=",
        "path": "/etc/nixos/system-config-local",
        "type": "path"
      },
      "original": {
        "path": "/etc/nixos/system-config-local",
        "type": "path"
      }
    },
    "nixpkgs": {
      "locked": {
        "lastModified": 1746232882,
        "narHash": "sha256-MHmBH2rS8KkRRdoU/feC/dKbdlMkcNkB5mwkuipVHeQ=",
        "owner": "NixOS",
        "repo": "nixpkgs",
        "rev": "7a2622e2c0dbad5c4493cb268aba12896e28b008",
        "type": "github"
      },
      "original": {
        "id": "nixpkgs",
        "ref": "nixos-unstable",
        "type": "indirect"
      }
    },
    "root": {
      "inputs": {
        "local": "local",
        "nixpkgs": "nixpkgs"
      }
    }
  },
  "root": "root",
  "version": 7
}
