{
  "nodes": {
    "cli": {
      "inputs": {
        "nil": "nil",
        "nixpkgs": [
          "nixpkgs"
        ],
        "nixpkgs-nixfmt": "nixpkgs-nixfmt"
      },
      "locked": {
        "dir": "cli",
        "dirtyRev": "774905c1ca3b4a3b9011d86a6ccf05f758295bbd-dirty",
        "dirtyShortRev": "774905c-dirty",
        "lastModified": 1714866137,
        "narHash": "sha256-G8CGWkB9l/VSrMD3IesTVD9zM4Azli1jCA7yRbXgCbk=",
        "type": "git",
        "url": "file:///home/ross/1st/dotfiles?dir=cli"
      },
      "original": {
        "dir": "cli",
        "type": "git",
        "url": "file:///home/ross/1st/dotfiles?dir=cli"
      }
    },
    "flake-compat": {
      "flake": false,
      "locked": {
        "lastModified": 1696426674,
        "narHash": "sha256-kvjfFW7WAETZlt09AgDn1MrtKzP7t90Vf7vypd3OL1U=",
        "owner": "edolstra",
        "repo": "flake-compat",
        "rev": "0f9255e01c2351cc7d116c072cb317785dd33b33",
        "type": "github"
      },
      "original": {
        "owner": "edolstra",
        "repo": "flake-compat",
        "type": "github"
      }
    },
    "flake-utils": {
      "inputs": {
        "systems": "systems"
      },
      "locked": {
        "lastModified": 1701680307,
        "narHash": "sha256-kAuep2h5ajznlPMD9rnQyffWG8EM/C73lejGofXvdM8=",
        "owner": "numtide",
        "repo": "flake-utils",
        "rev": "4022d587cbbfd70fe950c1e2083a02621806a725",
        "type": "github"
      },
      "original": {
        "owner": "numtide",
        "repo": "flake-utils",
        "type": "github"
      }
    },
    "flake-utils_2": {
      "inputs": {
        "systems": "systems_2"
      },
      "locked": {
        "lastModified": 1701680307,
        "narHash": "sha256-kAuep2h5ajznlPMD9rnQyffWG8EM/C73lejGofXvdM8=",
        "owner": "numtide",
        "repo": "flake-utils",
        "rev": "4022d587cbbfd70fe950c1e2083a02621806a725",
        "type": "github"
      },
      "original": {
        "owner": "numtide",
        "repo": "flake-utils",
        "type": "github"
      }
    },
    "flake-utils_3": {
      "inputs": {
        "systems": "systems_3"
      },
      "locked": {
        "lastModified": 1705309234,
        "narHash": "sha256-uNRRNRKmJyCRC/8y1RqBkqWBLM034y4qN7EprSdmgyA=",
        "owner": "numtide",
        "repo": "flake-utils",
        "rev": "1ef2e671c3b0c19053962c07dbda38332dcebf26",
        "type": "github"
      },
      "original": {
        "owner": "numtide",
        "repo": "flake-utils",
        "type": "github"
      }
    },
    "home-manager": {
      "inputs": {
        "nixpkgs": [
          "nixpkgs"
        ]
      },
      "locked": {
        "lastModified": 1706981411,
        "narHash": "sha256-cLbLPTL1CDmETVh4p0nQtvoF+FSEjsnJTFpTxhXywhQ=",
        "owner": "nix-community",
        "repo": "home-manager",
        "rev": "652fda4ca6dafeb090943422c34ae9145787af37",
        "type": "github"
      },
      "original": {
        "owner": "nix-community",
        "ref": "release-23.11",
        "repo": "home-manager",
        "type": "github"
      }
    },
    "local": {
      "flake": false,
      "locked": {
        "lastModified": 1714864784,
        "narHash": "sha256-VXciPtvmVG8flAc/dMaBJGjkPaI5peC66Tlgl6rZSPI=",
        "path": "/home/ross/.config/home-manager",
        "type": "path"
      },
      "original": {
        "path": "/home/ross/.config/home-manager",
        "type": "path"
      }
    },
    "nil": {
      "inputs": {
        "flake-utils": "flake-utils",
        "nixpkgs": "nixpkgs",
        "rust-overlay": "rust-overlay"
      },
      "locked": {
        "lastModified": 1704611696,
        "narHash": "sha256-4ZCgV5oHdEc3q+XaIzy//gh20uC/aSuAtMU9bsfgLZk=",
        "owner": "oxalica",
        "repo": "nil",
        "rev": "059d33a24bb76d2048740bcce936362bf54b5bc9",
        "type": "github"
      },
      "original": {
        "owner": "oxalica",
        "repo": "nil",
        "type": "github"
      }
    },
    "nil_2": {
      "inputs": {
        "flake-utils": "flake-utils_2",
        "nixpkgs": "nixpkgs_2",
        "rust-overlay": "rust-overlay_2"
      },
      "locked": {
        "lastModified": 1704611696,
        "narHash": "sha256-4ZCgV5oHdEc3q+XaIzy//gh20uC/aSuAtMU9bsfgLZk=",
        "owner": "oxalica",
        "repo": "nil",
        "rev": "059d33a24bb76d2048740bcce936362bf54b5bc9",
        "type": "github"
      },
      "original": {
        "owner": "oxalica",
        "repo": "nil",
        "type": "github"
      }
    },
    "nixos-wsl": {
      "inputs": {
        "flake-compat": "flake-compat",
        "flake-utils": "flake-utils_3",
        "nixpkgs": "nixpkgs_3"
      },
      "locked": {
        "lastModified": 1707761607,
        "narHash": "sha256-OKNdTgnyhZpmqdgba8s78/QvowyTIMJDp0iLxv570bU=",
        "owner": "nix-community",
        "repo": "NixOS-WSL",
        "rev": "c8ddba82ca6b791be1acaae4b336ff8e857ec70b",
        "type": "github"
      },
      "original": {
        "owner": "nix-community",
        "repo": "NixOS-WSL",
        "type": "github"
      }
    },
    "nixpkgs": {
      "locked": {
        "lastModified": 1704161960,
        "narHash": "sha256-QGua89Pmq+FBAro8NriTuoO/wNaUtugt29/qqA8zeeM=",
        "owner": "nixos",
        "repo": "nixpkgs",
        "rev": "63143ac2c9186be6d9da6035fa22620018c85932",
        "type": "github"
      },
      "original": {
        "owner": "nixos",
        "ref": "nixpkgs-unstable",
        "repo": "nixpkgs",
        "type": "github"
      }
    },
    "nixpkgs-nixfmt": {
      "locked": {
        "lastModified": 1714635257,
        "narHash": "sha256-4cPymbty65RvF1DWQfc+Bc8B233A1BWxJnNULJKQ1EY=",
        "owner": "NixOS",
        "repo": "nixpkgs",
        "rev": "63c3a29ca82437c87573e4c6919b09a24ea61b0f",
        "type": "github"
      },
      "original": {
        "id": "nixpkgs",
        "ref": "nixos-unstable",
        "type": "indirect"
      }
    },
    "nixpkgs_2": {
      "locked": {
        "lastModified": 1704161960,
        "narHash": "sha256-QGua89Pmq+FBAro8NriTuoO/wNaUtugt29/qqA8zeeM=",
        "owner": "nixos",
        "repo": "nixpkgs",
        "rev": "63143ac2c9186be6d9da6035fa22620018c85932",
        "type": "github"
      },
      "original": {
        "owner": "nixos",
        "ref": "nixpkgs-unstable",
        "repo": "nixpkgs",
        "type": "github"
      }
    },
    "nixpkgs_3": {
      "locked": {
        "lastModified": 1707514827,
        "narHash": "sha256-Y+wqFkvikpE1epCx57PsGw+M1hX5aY5q/xgk+ebDwxI=",
        "owner": "NixOS",
        "repo": "nixpkgs",
        "rev": "20f65b86b6485decb43c5498780c223571dd56ef",
        "type": "github"
      },
      "original": {
        "owner": "NixOS",
        "ref": "nixos-23.11",
        "repo": "nixpkgs",
        "type": "github"
      }
    },
    "root": {
      "inputs": {
        "cli": "cli",
        "home-manager": "home-manager",
        "local": "local",
        "nil": "nil_2",
        "nixpkgs": [
          "system-config",
          "nixpkgs"
        ],
        "system-config": "system-config"
      }
    },
    "rust-overlay": {
      "inputs": {
        "flake-utils": [
          "cli",
          "nil",
          "flake-utils"
        ],
        "nixpkgs": [
          "cli",
          "nil",
          "nixpkgs"
        ]
      },
      "locked": {
        "lastModified": 1704593904,
        "narHash": "sha256-nDoXZDTRdgF3b4n3m011y99nYFewvOl9UpzFvP8Rb3c=",
        "owner": "oxalica",
        "repo": "rust-overlay",
        "rev": "c36fd70a99decfa6e110c86f296a97613034a680",
        "type": "github"
      },
      "original": {
        "owner": "oxalica",
        "repo": "rust-overlay",
        "type": "github"
      }
    },
    "rust-overlay_2": {
      "inputs": {
        "flake-utils": [
          "nil",
          "flake-utils"
        ],
        "nixpkgs": [
          "nil",
          "nixpkgs"
        ]
      },
      "locked": {
        "lastModified": 1704593904,
        "narHash": "sha256-nDoXZDTRdgF3b4n3m011y99nYFewvOl9UpzFvP8Rb3c=",
        "owner": "oxalica",
        "repo": "rust-overlay",
        "rev": "c36fd70a99decfa6e110c86f296a97613034a680",
        "type": "github"
      },
      "original": {
        "owner": "oxalica",
        "repo": "rust-overlay",
        "type": "github"
      }
    },
    "system-config": {
      "inputs": {
        "nixos-wsl": "nixos-wsl",
        "nixpkgs": [
          "system-config",
          "nixos-wsl",
          "nixpkgs"
        ]
      },
      "locked": {
        "dir": "systems/lumen",
        "dirtyRev": "144600a2cfe839175b1a86a9857a8970e91a9360-dirty",
        "dirtyShortRev": "144600a-dirty",
        "lastModified": 1714501683,
        "narHash": "sha256-YIO3YvuRCIs6gQmHhMWGq13qr+nLpaZAMsS26KsI540=",
        "type": "git",
        "url": "file:///home/ross/1st/dotfiles?dir=systems/lumen"
      },
      "original": {
        "dir": "systems/lumen",
        "type": "git",
        "url": "file:///home/ross/1st/dotfiles?dir=systems/lumen"
      }
    },
    "systems": {
      "locked": {
        "lastModified": 1681028828,
        "narHash": "sha256-Vy1rq5AaRuLzOxct8nz4T6wlgyUR7zLU309k9mBC768=",
        "owner": "nix-systems",
        "repo": "default",
        "rev": "da67096a3b9bf56a91d16901293e51ba5b49a27e",
        "type": "github"
      },
      "original": {
        "owner": "nix-systems",
        "repo": "default",
        "type": "github"
      }
    },
    "systems_2": {
      "locked": {
        "lastModified": 1681028828,
        "narHash": "sha256-Vy1rq5AaRuLzOxct8nz4T6wlgyUR7zLU309k9mBC768=",
        "owner": "nix-systems",
        "repo": "default",
        "rev": "da67096a3b9bf56a91d16901293e51ba5b49a27e",
        "type": "github"
      },
      "original": {
        "owner": "nix-systems",
        "repo": "default",
        "type": "github"
      }
    },
    "systems_3": {
      "locked": {
        "lastModified": 1681028828,
        "narHash": "sha256-Vy1rq5AaRuLzOxct8nz4T6wlgyUR7zLU309k9mBC768=",
        "owner": "nix-systems",
        "repo": "default",
        "rev": "da67096a3b9bf56a91d16901293e51ba5b49a27e",
        "type": "github"
      },
      "original": {
        "owner": "nix-systems",
        "repo": "default",
        "type": "github"
      }
    }
  },
  "root": "root",
  "version": 7
}
